# This file is automatically @generated by Poetry 1.5.1 and should not be changed by hand.

[[package]]
name = "future"
version = "0.18.3"
description = "Clean single-source support for Python 3 and 2"
optional = false
python-versions = ">=2.6, !=3.0.*, !=3.1.*, !=3.2.*"
files = [
    {file = "future-0.18.3.tar.gz", hash = "sha256:34a17436ed1e96697a86f9de3d15a3b0be01d8bc8de9c1dffd59fb8234ed5307"},
]

[[package]]
name = "six"
version = "1.16.0"
description = "Python 2 and 3 compatibility utilities"
optional = false
python-versions = ">=2.7, !=3.0.*, !=3.1.*, !=3.2.*"
files = [
    {file = "six-1.16.0-py2.py3-none-any.whl", hash = "sha256:8abb2f1d86890a2dfb989f9a77cfcfd3e47c2a354b01111771326f8aa26e0254"},
    {file = "six-1.16.0.tar.gz", hash = "sha256:1e61c37477a1626458e36f7b1d82aa5c9b094fa4802892072e49de9c60c4c926"},
]

[[package]]
name = "textfsm"
version = "1.1.3"
description = "Python module for parsing semi-structured text into python tables."
optional = false
python-versions = "*"
files = [
    {file = "textfsm-1.1.3-py2.py3-none-any.whl", hash = "sha256:dcbeebc6a6137bed561c71a56344d752e6dbc04ae5ea309252cb70fb97ccc9cd"},
    {file = "textfsm-1.1.3.tar.gz", hash = "sha256:577ef278a9237f5341ae9b682947cefa4a2c1b24dbe486f94f2c95addc6504b5"},
]

[package.dependencies]
future = "*"
six = "*"

[metadata]
lock-version = "2.0"
python-versions = "^3.11"
content-hash = "3bc7576646ff4ed422e5a11e4333a4a01ac5976f7c9f701db3f11335030e44f0"
